<?xml version="1.0" encoding="UTF-8"?>
<!DOCTYPE plist PUBLIC "-//Apple//DTD PLIST 1.0//EN" "http://www.apple.com/DTDs/PropertyList-1.0.dtd">
<plist version="1.0">
<dict>
	<key>archiveVersion</key>
	<string>1</string>
	<key>classes</key>
	<dict/>
	<key>objectVersion</key>
	<string>46</string>
	<key>objects</key>
	<dict>
		<key>0C86571BEDBE49CCAB8AB5A2</key>
		<dict>
			<key>buildActionMask</key>
			<string>2147483647</string>
			<key>files</key>
			<array/>
			<key>inputPaths</key>
			<array/>
			<key>isa</key>
			<string>PBXShellScriptBuildPhase</string>
			<key>name</key>
			<string>Copy Pods Resources</string>
			<key>outputPaths</key>
			<array/>
			<key>runOnlyForDeploymentPostprocessing</key>
			<string>0</string>
			<key>shellPath</key>
			<string>/bin/sh</string>
			<key>shellScript</key>
			<string>"${SRCROOT}/Pods/Pods-resources.sh"
</string>
			<key>showEnvVarsInLog</key>
			<string>1</string>
		</dict>
		<key>32FA147EFD414CC1A3BE66F0</key>
		<dict>
			<key>fileRef</key>
			<string>F32D4231F0DD42369DAE14DD</string>
			<key>isa</key>
			<string>PBXBuildFile</string>
			<key>settings</key>
			<dict/>
		</dict>
		<key>3B1A7B79C9EA4BE58A1FA3FC</key>
		<dict>
			<key>includeInIndex</key>
			<string>1</string>
			<key>isa</key>
			<string>PBXFileReference</string>
			<key>lastKnownFileType</key>
			<string>text.xcconfig</string>
			<key>name</key>
			<string>Pods.xcconfig</string>
			<key>path</key>
			<string>Pods/Pods.xcconfig</string>
			<key>sourceTree</key>
			<string>SOURCE_ROOT</string>
		</dict>
		<key>66E7934916E80512009A9152</key>
		<dict>
			<key>children</key>
			<array>
				<string>66E7935B16E80512009A9152</string>
				<string>66E7937F16E80512009A9152</string>
				<string>66E7935416E80512009A9152</string>
				<string>66E7935316E80512009A9152</string>
				<string>3B1A7B79C9EA4BE58A1FA3FC</string>
			</array>
			<key>isa</key>
			<string>PBXGroup</string>
			<key>sourceTree</key>
			<string>&lt;group&gt;</string>
		</dict>
		<key>66E7934A16E80512009A9152</key>
		<dict>
			<key>attributes</key>
			<dict>
				<key>LastUpgradeCheck</key>
				<string>0460</string>
				<key>ORGANIZATIONNAME</key>
				<string>Adam Fraser</string>
			</dict>
			<key>buildConfigurationList</key>
			<string>66E7934D16E80512009A9152</string>
			<key>compatibilityVersion</key>
			<string>Xcode 3.2</string>
			<key>developmentRegion</key>
			<string>English</string>
			<key>hasScannedForEncodings</key>
			<string>0</string>
			<key>isa</key>
			<string>PBXProject</string>
			<key>knownRegions</key>
			<array>
				<string>en</string>
			</array>
			<key>mainGroup</key>
			<string>66E7934916E80512009A9152</string>
			<key>productRefGroup</key>
			<string>66E7935316E80512009A9152</string>
			<key>projectDirPath</key>
			<string></string>
			<key>projectReferences</key>
			<array/>
			<key>projectRoot</key>
			<string></string>
			<key>targets</key>
			<array>
				<string>66E7935116E80512009A9152</string>
				<string>66E7937716E80512009A9152</string>
			</array>
		</dict>
		<key>66E7934D16E80512009A9152</key>
		<dict>
			<key>buildConfigurations</key>
			<array>
				<string>66E7938816E80512009A9152</string>
				<string>66E7938916E80512009A9152</string>
			</array>
			<key>defaultConfigurationIsVisible</key>
			<string>0</string>
			<key>defaultConfigurationName</key>
			<string>Release</string>
			<key>isa</key>
			<string>XCConfigurationList</string>
		</dict>
		<key>66E7934E16E80512009A9152</key>
		<dict>
			<key>buildActionMask</key>
			<string>2147483647</string>
			<key>files</key>
			<array>
				<string>66E7936216E80512009A9152</string>
				<string>66E7936616E80512009A9152</string>
				<string>66E7937216E80512009A9152</string>
			</array>
			<key>isa</key>
			<string>PBXSourcesBuildPhase</string>
			<key>runOnlyForDeploymentPostprocessing</key>
			<string>0</string>
		</dict>
		<key>66E7934F16E80512009A9152</key>
		<dict>
			<key>buildActionMask</key>
			<string>2147483647</string>
			<key>files</key>
			<array>
				<string>66E7935616E80512009A9152</string>
				<string>66E7935816E80512009A9152</string>
				<string>66E7935A16E80512009A9152</string>
				<string>32FA147EFD414CC1A3BE66F0</string>
			</array>
			<key>isa</key>
			<string>PBXFrameworksBuildPhase</string>
			<key>runOnlyForDeploymentPostprocessing</key>
			<string>0</string>
		</dict>
		<key>66E7935016E80512009A9152</key>
		<dict>
			<key>buildActionMask</key>
			<string>2147483647</string>
			<key>files</key>
			<array>
				<string>66E7936016E80512009A9152</string>
				<string>66E7936816E80512009A9152</string>
				<string>66E7936A16E80512009A9152</string>
				<string>66E7936C16E80512009A9152</string>
				<string>66E7936F16E80512009A9152</string>
			</array>
			<key>isa</key>
			<string>PBXResourcesBuildPhase</string>
			<key>runOnlyForDeploymentPostprocessing</key>
			<string>0</string>
		</dict>
		<key>66E7935116E80512009A9152</key>
		<dict>
			<key>buildConfigurationList</key>
			<string>66E7938A16E80512009A9152</string>
			<key>buildPhases</key>
			<array>
				<string>66E7934E16E80512009A9152</string>
				<string>66E7934F16E80512009A9152</string>
				<string>66E7935016E80512009A9152</string>
				<string>0C86571BEDBE49CCAB8AB5A2</string>
			</array>
			<key>buildRules</key>
			<array/>
			<key>dependencies</key>
			<array/>
			<key>isa</key>
			<string>PBXNativeTarget</string>
			<key>name</key>
			<string>places</string>
			<key>productName</key>
			<string>places</string>
			<key>productReference</key>
			<string>66E7935216E80512009A9152</string>
			<key>productType</key>
			<string>com.apple.product-type.application</string>
		</dict>
		<key>66E7935216E80512009A9152</key>
		<dict>
			<key>explicitFileType</key>
			<string>wrapper.application</string>
			<key>includeInIndex</key>
			<string>0</string>
			<key>isa</key>
			<string>PBXFileReference</string>
			<key>path</key>
			<string>places.app</string>
			<key>sourceTree</key>
			<string>BUILT_PRODUCTS_DIR</string>
		</dict>
		<key>66E7935316E80512009A9152</key>
		<dict>
			<key>children</key>
			<array>
				<string>66E7935216E80512009A9152</string>
				<string>66E7937816E80512009A9152</string>
			</array>
			<key>isa</key>
			<string>PBXGroup</string>
			<key>name</key>
			<string>Products</string>
			<key>sourceTree</key>
			<string>&lt;group&gt;</string>
		</dict>
		<key>66E7935416E80512009A9152</key>
		<dict>
			<key>children</key>
			<array>
				<string>66E7935516E80512009A9152</string>
				<string>66E7935716E80512009A9152</string>
				<string>66E7935916E80512009A9152</string>
				<string>66E7937916E80512009A9152</string>
				<string>F32D4231F0DD42369DAE14DD</string>
			</array>
			<key>isa</key>
			<string>PBXGroup</string>
			<key>name</key>
			<string>Frameworks</string>
			<key>sourceTree</key>
			<string>&lt;group&gt;</string>
		</dict>
		<key>66E7935516E80512009A9152</key>
		<dict>
			<key>isa</key>
			<string>PBXFileReference</string>
			<key>lastKnownFileType</key>
			<string>wrapper.framework</string>
			<key>name</key>
			<string>UIKit.framework</string>
			<key>path</key>
			<string>System/Library/Frameworks/UIKit.framework</string>
			<key>sourceTree</key>
			<string>SDKROOT</string>
		</dict>
		<key>66E7935616E80512009A9152</key>
		<dict>
			<key>fileRef</key>
			<string>66E7935516E80512009A9152</string>
			<key>isa</key>
			<string>PBXBuildFile</string>
		</dict>
		<key>66E7935716E80512009A9152</key>
		<dict>
			<key>isa</key>
			<string>PBXFileReference</string>
			<key>lastKnownFileType</key>
			<string>wrapper.framework</string>
			<key>name</key>
			<string>Foundation.framework</string>
			<key>path</key>
			<string>System/Library/Frameworks/Foundation.framework</string>
			<key>sourceTree</key>
			<string>SDKROOT</string>
		</dict>
		<key>66E7935816E80512009A9152</key>
		<dict>
			<key>fileRef</key>
			<string>66E7935716E80512009A9152</string>
			<key>isa</key>
			<string>PBXBuildFile</string>
		</dict>
		<key>66E7935916E80512009A9152</key>
		<dict>
			<key>isa</key>
			<string>PBXFileReference</string>
			<key>lastKnownFileType</key>
			<string>wrapper.framework</string>
			<key>name</key>
			<string>CoreGraphics.framework</string>
			<key>path</key>
			<string>System/Library/Frameworks/CoreGraphics.framework</string>
			<key>sourceTree</key>
			<string>SDKROOT</string>
		</dict>
		<key>66E7935A16E80512009A9152</key>
		<dict>
			<key>fileRef</key>
			<string>66E7935916E80512009A9152</string>
			<key>isa</key>
			<string>PBXBuildFile</string>
		</dict>
		<key>66E7935B16E80512009A9152</key>
		<dict>
			<key>children</key>
			<array>
				<string>66E7936416E80512009A9152</string>
				<string>66E7936516E80512009A9152</string>
				<string>66E7936D16E80512009A9152</string>
				<string>66E7937016E80512009A9152</string>
				<string>66E7937116E80512009A9152</string>
				<string>66E7935C16E80512009A9152</string>
			</array>
			<key>isa</key>
			<string>PBXGroup</string>
			<key>path</key>
			<string>places</string>
			<key>sourceTree</key>
			<string>&lt;group&gt;</string>
		</dict>
		<key>66E7935C16E80512009A9152</key>
		<dict>
			<key>children</key>
			<array>
				<string>66E7935D16E80512009A9152</string>
				<string>66E7935E16E80512009A9152</string>
				<string>66E7936116E80512009A9152</string>
				<string>66E7936316E80512009A9152</string>
				<string>66E7936716E80512009A9152</string>
				<string>66E7936916E80512009A9152</string>
				<string>66E7936B16E80512009A9152</string>
			</array>
			<key>isa</key>
			<string>PBXGroup</string>
			<key>name</key>
			<string>Supporting Files</string>
			<key>sourceTree</key>
			<string>&lt;group&gt;</string>
		</dict>
		<key>66E7935D16E80512009A9152</key>
		<dict>
			<key>isa</key>
			<string>PBXFileReference</string>
			<key>lastKnownFileType</key>
			<string>text.plist.xml</string>
			<key>path</key>
			<string>places-Info.plist</string>
			<key>sourceTree</key>
			<string>&lt;group&gt;</string>
		</dict>
		<key>66E7935E16E80512009A9152</key>
		<dict>
			<key>children</key>
			<array>
				<string>66E7935F16E80512009A9152</string>
			</array>
			<key>isa</key>
			<string>PBXVariantGroup</string>
			<key>name</key>
			<string>InfoPlist.strings</string>
			<key>sourceTree</key>
			<string>&lt;group&gt;</string>
		</dict>
		<key>66E7935F16E80512009A9152</key>
		<dict>
			<key>isa</key>
			<string>PBXFileReference</string>
			<key>lastKnownFileType</key>
			<string>text.plist.strings</string>
			<key>name</key>
			<string>en</string>
			<key>path</key>
			<string>en.lproj/InfoPlist.strings</string>
			<key>sourceTree</key>
			<string>&lt;group&gt;</string>
		</dict>
		<key>66E7936016E80512009A9152</key>
		<dict>
			<key>fileRef</key>
			<string>66E7935E16E80512009A9152</string>
			<key>isa</key>
			<string>PBXBuildFile</string>
		</dict>
		<key>66E7936116E80512009A9152</key>
		<dict>
			<key>isa</key>
			<string>PBXFileReference</string>
			<key>lastKnownFileType</key>
			<string>sourcecode.c.objc</string>
			<key>path</key>
			<string>main.m</string>
			<key>sourceTree</key>
			<string>&lt;group&gt;</string>
		</dict>
		<key>66E7936216E80512009A9152</key>
		<dict>
			<key>fileRef</key>
			<string>66E7936116E80512009A9152</string>
			<key>isa</key>
			<string>PBXBuildFile</string>
		</dict>
		<key>66E7936316E80512009A9152</key>
		<dict>
			<key>isa</key>
			<string>PBXFileReference</string>
			<key>lastKnownFileType</key>
			<string>sourcecode.c.h</string>
			<key>path</key>
			<string>places-Prefix.pch</string>
			<key>sourceTree</key>
			<string>&lt;group&gt;</string>
		</dict>
		<key>66E7936416E80512009A9152</key>
		<dict>
			<key>isa</key>
			<string>PBXFileReference</string>
			<key>lastKnownFileType</key>
			<string>sourcecode.c.h</string>
			<key>path</key>
			<string>AppDelegate.h</string>
			<key>sourceTree</key>
			<string>&lt;group&gt;</string>
		</dict>
		<key>66E7936516E80512009A9152</key>
		<dict>
			<key>isa</key>
			<string>PBXFileReference</string>
			<key>lastKnownFileType</key>
			<string>sourcecode.c.objc</string>
			<key>path</key>
			<string>AppDelegate.m</string>
			<key>sourceTree</key>
			<string>&lt;group&gt;</string>
		</dict>
		<key>66E7936616E80512009A9152</key>
		<dict>
			<key>fileRef</key>
			<string>66E7936516E80512009A9152</string>
			<key>isa</key>
			<string>PBXBuildFile</string>
		</dict>
		<key>66E7936716E80512009A9152</key>
		<dict>
			<key>isa</key>
			<string>PBXFileReference</string>
			<key>lastKnownFileType</key>
			<string>image.png</string>
			<key>path</key>
			<string>Default.png</string>
			<key>sourceTree</key>
			<string>&lt;group&gt;</string>
		</dict>
		<key>66E7936816E80512009A9152</key>
		<dict>
			<key>fileRef</key>
			<string>66E7936716E80512009A9152</string>
			<key>isa</key>
			<string>PBXBuildFile</string>
		</dict>
		<key>66E7936916E80512009A9152</key>
		<dict>
			<key>isa</key>
			<string>PBXFileReference</string>
			<key>lastKnownFileType</key>
			<string>image.png</string>
			<key>path</key>
			<string>Default@2x.png</string>
			<key>sourceTree</key>
			<string>&lt;group&gt;</string>
		</dict>
		<key>66E7936A16E80512009A9152</key>
		<dict>
			<key>fileRef</key>
			<string>66E7936916E80512009A9152</string>
			<key>isa</key>
			<string>PBXBuildFile</string>
		</dict>
		<key>66E7936B16E80512009A9152</key>
		<dict>
			<key>isa</key>
			<string>PBXFileReference</string>
			<key>lastKnownFileType</key>
			<string>image.png</string>
			<key>path</key>
			<string>Default-568h@2x.png</string>
			<key>sourceTree</key>
			<string>&lt;group&gt;</string>
		</dict>
		<key>66E7936C16E80512009A9152</key>
		<dict>
			<key>fileRef</key>
			<string>66E7936B16E80512009A9152</string>
			<key>isa</key>
			<string>PBXBuildFile</string>
		</dict>
		<key>66E7936D16E80512009A9152</key>
		<dict>
			<key>children</key>
			<array>
				<string>66E7936E16E80512009A9152</string>
			</array>
			<key>isa</key>
			<string>PBXVariantGroup</string>
			<key>name</key>
			<string>MainStoryboard.storyboard</string>
			<key>sourceTree</key>
			<string>&lt;group&gt;</string>
		</dict>
		<key>66E7936E16E80512009A9152</key>
		<dict>
			<key>isa</key>
			<string>PBXFileReference</string>
			<key>lastKnownFileType</key>
			<string>file.storyboard</string>
			<key>name</key>
			<string>en</string>
			<key>path</key>
			<string>en.lproj/MainStoryboard.storyboard</string>
			<key>sourceTree</key>
			<string>&lt;group&gt;</string>
		</dict>
		<key>66E7936F16E80512009A9152</key>
		<dict>
			<key>fileRef</key>
			<string>66E7936D16E80512009A9152</string>
			<key>isa</key>
			<string>PBXBuildFile</string>
		</dict>
		<key>66E7937016E80512009A9152</key>
		<dict>
			<key>isa</key>
			<string>PBXFileReference</string>
			<key>lastKnownFileType</key>
			<string>sourcecode.c.h</string>
			<key>path</key>
			<string>ViewController.h</string>
			<key>sourceTree</key>
			<string>&lt;group&gt;</string>
		</dict>
		<key>66E7937116E80512009A9152</key>
		<dict>
			<key>isa</key>
			<string>PBXFileReference</string>
			<key>lastKnownFileType</key>
			<string>sourcecode.c.objc</string>
			<key>path</key>
			<string>ViewController.m</string>
			<key>sourceTree</key>
			<string>&lt;group&gt;</string>
		</dict>
		<key>66E7937216E80512009A9152</key>
		<dict>
			<key>fileRef</key>
			<string>66E7937116E80512009A9152</string>
			<key>isa</key>
			<string>PBXBuildFile</string>
		</dict>
		<key>66E7937316E80512009A9152</key>
		<dict>
			<key>buildActionMask</key>
			<string>2147483647</string>
			<key>files</key>
			<array>
				<string>66E7938716E80512009A9152</string>
			</array>
			<key>isa</key>
			<string>PBXSourcesBuildPhase</string>
			<key>runOnlyForDeploymentPostprocessing</key>
			<string>0</string>
		</dict>
		<key>66E7937416E80512009A9152</key>
		<dict>
			<key>buildActionMask</key>
			<string>2147483647</string>
			<key>files</key>
			<array>
				<string>66E7937A16E80512009A9152</string>
				<string>66E7937B16E80512009A9152</string>
				<string>66E7937C16E80512009A9152</string>
			</array>
			<key>isa</key>
			<string>PBXFrameworksBuildPhase</string>
			<key>runOnlyForDeploymentPostprocessing</key>
			<string>0</string>
		</dict>
		<key>66E7937516E80512009A9152</key>
		<dict>
			<key>buildActionMask</key>
			<string>2147483647</string>
			<key>files</key>
			<array>
				<string>66E7938416E80512009A9152</string>
			</array>
			<key>isa</key>
			<string>PBXResourcesBuildPhase</string>
			<key>runOnlyForDeploymentPostprocessing</key>
			<string>0</string>
		</dict>
		<key>66E7937616E80512009A9152</key>
		<dict>
			<key>buildActionMask</key>
			<string>2147483647</string>
			<key>files</key>
			<array/>
			<key>inputPaths</key>
			<array/>
			<key>isa</key>
			<string>PBXShellScriptBuildPhase</string>
			<key>outputPaths</key>
			<array/>
			<key>runOnlyForDeploymentPostprocessing</key>
			<string>0</string>
			<key>shellPath</key>
			<string>/bin/sh</string>
			<key>shellScript</key>
			<string># Run the unit tests in this test bundle.
"${SYSTEM_DEVELOPER_DIR}/Tools/RunUnitTests"
</string>
		</dict>
		<key>66E7937716E80512009A9152</key>
		<dict>
			<key>buildConfigurationList</key>
			<string>66E7938D16E80512009A9152</string>
			<key>buildPhases</key>
			<array>
				<string>66E7937316E80512009A9152</string>
				<string>66E7937416E80512009A9152</string>
				<string>66E7937516E80512009A9152</string>
				<string>66E7937616E80512009A9152</string>
			</array>
			<key>buildRules</key>
			<array/>
			<key>dependencies</key>
			<array>
				<string>66E7937E16E80512009A9152</string>
			</array>
			<key>isa</key>
			<string>PBXNativeTarget</string>
			<key>name</key>
			<string>placesTests</string>
			<key>productName</key>
			<string>placesTests</string>
			<key>productReference</key>
			<string>66E7937816E80512009A9152</string>
			<key>productType</key>
			<string>com.apple.product-type.bundle</string>
		</dict>
		<key>66E7937816E80512009A9152</key>
		<dict>
			<key>explicitFileType</key>
			<string>wrapper.cfbundle</string>
			<key>includeInIndex</key>
			<string>0</string>
			<key>isa</key>
			<string>PBXFileReference</string>
			<key>path</key>
			<string>placesTests.octest</string>
			<key>sourceTree</key>
			<string>BUILT_PRODUCTS_DIR</string>
		</dict>
		<key>66E7937916E80512009A9152</key>
		<dict>
			<key>isa</key>
			<string>PBXFileReference</string>
			<key>lastKnownFileType</key>
			<string>wrapper.framework</string>
			<key>name</key>
			<string>SenTestingKit.framework</string>
			<key>path</key>
			<string>Library/Frameworks/SenTestingKit.framework</string>
			<key>sourceTree</key>
			<string>DEVELOPER_DIR</string>
		</dict>
		<key>66E7937A16E80512009A9152</key>
		<dict>
			<key>fileRef</key>
			<string>66E7937916E80512009A9152</string>
			<key>isa</key>
			<string>PBXBuildFile</string>
		</dict>
		<key>66E7937B16E80512009A9152</key>
		<dict>
			<key>fileRef</key>
			<string>66E7935516E80512009A9152</string>
			<key>isa</key>
			<string>PBXBuildFile</string>
		</dict>
		<key>66E7937C16E80512009A9152</key>
		<dict>
			<key>fileRef</key>
			<string>66E7935716E80512009A9152</string>
			<key>isa</key>
			<string>PBXBuildFile</string>
		</dict>
		<key>66E7937D16E80512009A9152</key>
		<dict>
			<key>containerPortal</key>
			<string>66E7934A16E80512009A9152</string>
			<key>isa</key>
			<string>PBXContainerItemProxy</string>
			<key>proxyType</key>
			<string>1</string>
			<key>remoteGlobalIDString</key>
			<string>66E7935116E80512009A9152</string>
			<key>remoteInfo</key>
			<string>places</string>
		</dict>
		<key>66E7937E16E80512009A9152</key>
		<dict>
			<key>isa</key>
			<string>PBXTargetDependency</string>
			<key>target</key>
			<string>66E7935116E80512009A9152</string>
			<key>targetProxy</key>
			<string>66E7937D16E80512009A9152</string>
		</dict>
		<key>66E7937F16E80512009A9152</key>
		<dict>
			<key>children</key>
			<array>
				<string>66E7938516E80512009A9152</string>
				<string>66E7938616E80512009A9152</string>
				<string>66E7938016E80512009A9152</string>
			</array>
			<key>isa</key>
			<string>PBXGroup</string>
			<key>path</key>
			<string>placesTests</string>
			<key>sourceTree</key>
			<string>&lt;group&gt;</string>
		</dict>
		<key>66E7938016E80512009A9152</key>
		<dict>
			<key>children</key>
			<array>
				<string>66E7938116E80512009A9152</string>
				<string>66E7938216E80512009A9152</string>
			</array>
			<key>isa</key>
			<string>PBXGroup</string>
			<key>name</key>
			<string>Supporting Files</string>
			<key>sourceTree</key>
			<string>&lt;group&gt;</string>
		</dict>
		<key>66E7938116E80512009A9152</key>
		<dict>
			<key>isa</key>
			<string>PBXFileReference</string>
			<key>lastKnownFileType</key>
			<string>text.plist.xml</string>
			<key>path</key>
			<string>placesTests-Info.plist</string>
			<key>sourceTree</key>
			<string>&lt;group&gt;</string>
		</dict>
		<key>66E7938216E80512009A9152</key>
		<dict>
			<key>children</key>
			<array>
				<string>66E7938316E80512009A9152</string>
			</array>
			<key>isa</key>
			<string>PBXVariantGroup</string>
			<key>name</key>
			<string>InfoPlist.strings</string>
			<key>sourceTree</key>
			<string>&lt;group&gt;</string>
		</dict>
		<key>66E7938316E80512009A9152</key>
		<dict>
			<key>isa</key>
			<string>PBXFileReference</string>
			<key>lastKnownFileType</key>
			<string>text.plist.strings</string>
			<key>name</key>
			<string>en</string>
			<key>path</key>
			<string>en.lproj/InfoPlist.strings</string>
			<key>sourceTree</key>
			<string>&lt;group&gt;</string>
		</dict>
		<key>66E7938416E80512009A9152</key>
		<dict>
			<key>fileRef</key>
			<string>66E7938216E80512009A9152</string>
			<key>isa</key>
			<string>PBXBuildFile</string>
		</dict>
		<key>66E7938516E80512009A9152</key>
		<dict>
			<key>isa</key>
			<string>PBXFileReference</string>
			<key>lastKnownFileType</key>
			<string>sourcecode.c.h</string>
			<key>path</key>
			<string>placesTests.h</string>
			<key>sourceTree</key>
			<string>&lt;group&gt;</string>
		</dict>
		<key>66E7938616E80512009A9152</key>
		<dict>
			<key>isa</key>
			<string>PBXFileReference</string>
			<key>lastKnownFileType</key>
			<string>sourcecode.c.objc</string>
			<key>path</key>
			<string>placesTests.m</string>
			<key>sourceTree</key>
			<string>&lt;group&gt;</string>
		</dict>
		<key>66E7938716E80512009A9152</key>
		<dict>
			<key>fileRef</key>
			<string>66E7938616E80512009A9152</string>
			<key>isa</key>
			<string>PBXBuildFile</string>
		</dict>
		<key>66E7938816E80512009A9152</key>
		<dict>
			<key>buildSettings</key>
			<dict>
				<key>ALWAYS_SEARCH_USER_PATHS</key>
				<string>NO</string>
				<key>CLANG_CXX_LANGUAGE_STANDARD</key>
				<string>gnu++0x</string>
				<key>CLANG_CXX_LIBRARY</key>
				<string>libc++</string>
				<key>CLANG_ENABLE_OBJC_ARC</key>
				<string>YES</string>
				<key>CLANG_WARN_CONSTANT_CONVERSION</key>
				<string>YES</string>
				<key>CLANG_WARN_EMPTY_BODY</key>
				<string>YES</string>
				<key>CLANG_WARN_ENUM_CONVERSION</key>
				<string>YES</string>
				<key>CLANG_WARN_INT_CONVERSION</key>
				<string>YES</string>
				<key>CLANG_WARN__DUPLICATE_METHOD_MATCH</key>
				<string>YES</string>
				<key>CODE_SIGN_IDENTITY[sdk=iphoneos*]</key>
				<string>iPhone Developer</string>
				<key>COPY_PHASE_STRIP</key>
				<string>NO</string>
				<key>GCC_C_LANGUAGE_STANDARD</key>
				<string>gnu99</string>
				<key>GCC_DYNAMIC_NO_PIC</key>
				<string>NO</string>
				<key>GCC_OPTIMIZATION_LEVEL</key>
				<string>0</string>
				<key>GCC_PREPROCESSOR_DEFINITIONS</key>
				<array>
					<string>DEBUG=1</string>
					<string>$(inherited)</string>
				</array>
				<key>GCC_SYMBOLS_PRIVATE_EXTERN</key>
				<string>NO</string>
				<key>GCC_WARN_ABOUT_RETURN_TYPE</key>
				<string>YES</string>
				<key>GCC_WARN_UNINITIALIZED_AUTOS</key>
				<string>YES</string>
				<key>GCC_WARN_UNUSED_VARIABLE</key>
				<string>YES</string>
				<key>IPHONEOS_DEPLOYMENT_TARGET</key>
				<string>6.1</string>
				<key>ONLY_ACTIVE_ARCH</key>
				<string>YES</string>
				<key>SDKROOT</key>
				<string>iphoneos</string>
			</dict>
			<key>isa</key>
			<string>XCBuildConfiguration</string>
			<key>name</key>
			<string>Debug</string>
		</dict>
		<key>66E7938916E80512009A9152</key>
		<dict>
			<key>buildSettings</key>
			<dict>
				<key>ALWAYS_SEARCH_USER_PATHS</key>
				<string>NO</string>
				<key>CLANG_CXX_LANGUAGE_STANDARD</key>
				<string>gnu++0x</string>
				<key>CLANG_CXX_LIBRARY</key>
				<string>libc++</string>
				<key>CLANG_ENABLE_OBJC_ARC</key>
				<string>YES</string>
				<key>CLANG_WARN_CONSTANT_CONVERSION</key>
				<string>YES</string>
				<key>CLANG_WARN_EMPTY_BODY</key>
				<string>YES</string>
				<key>CLANG_WARN_ENUM_CONVERSION</key>
				<string>YES</string>
				<key>CLANG_WARN_INT_CONVERSION</key>
				<string>YES</string>
				<key>CLANG_WARN__DUPLICATE_METHOD_MATCH</key>
				<string>YES</string>
				<key>CODE_SIGN_IDENTITY[sdk=iphoneos*]</key>
				<string>iPhone Developer</string>
				<key>COPY_PHASE_STRIP</key>
				<string>YES</string>
				<key>GCC_C_LANGUAGE_STANDARD</key>
				<string>gnu99</string>
				<key>GCC_WARN_ABOUT_RETURN_TYPE</key>
				<string>YES</string>
				<key>GCC_WARN_UNINITIALIZED_AUTOS</key>
				<string>YES</string>
				<key>GCC_WARN_UNUSED_VARIABLE</key>
				<string>YES</string>
				<key>IPHONEOS_DEPLOYMENT_TARGET</key>
				<string>6.1</string>
				<key>OTHER_CFLAGS</key>
				<string>-DNS_BLOCK_ASSERTIONS=1</string>
				<key>SDKROOT</key>
				<string>iphoneos</string>
				<key>VALIDATE_PRODUCT</key>
				<string>YES</string>
			</dict>
			<key>isa</key>
			<string>XCBuildConfiguration</string>
			<key>name</key>
			<string>Release</string>
		</dict>
		<key>66E7938A16E80512009A9152</key>
		<dict>
			<key>buildConfigurations</key>
			<array>
				<string>66E7938B16E80512009A9152</string>
				<string>66E7938C16E80512009A9152</string>
			</array>
			<key>defaultConfigurationIsVisible</key>
			<string>0</string>
			<key>isa</key>
			<string>XCConfigurationList</string>
		</dict>
		<key>66E7938B16E80512009A9152</key>
		<dict>
			<key>baseConfigurationReference</key>
			<string>3B1A7B79C9EA4BE58A1FA3FC</string>
			<key>buildSettings</key>
			<dict>
				<key>GCC_PRECOMPILE_PREFIX_HEADER</key>
				<string>YES</string>
				<key>GCC_PREFIX_HEADER</key>
				<string>places/places-Prefix.pch</string>
				<key>INFOPLIST_FILE</key>
				<string>places/places-Info.plist</string>
				<key>PRODUCT_NAME</key>
				<string>$(TARGET_NAME)</string>
				<key>WRAPPER_EXTENSION</key>
				<string>app</string>
			</dict>
			<key>isa</key>
			<string>XCBuildConfiguration</string>
			<key>name</key>
			<string>Debug</string>
		</dict>
		<key>66E7938C16E80512009A9152</key>
		<dict>
			<key>baseConfigurationReference</key>
			<string>3B1A7B79C9EA4BE58A1FA3FC</string>
			<key>buildSettings</key>
			<dict>
				<key>GCC_PRECOMPILE_PREFIX_HEADER</key>
				<string>YES</string>
				<key>GCC_PREFIX_HEADER</key>
				<string>places/places-Prefix.pch</string>
				<key>INFOPLIST_FILE</key>
				<string>places/places-Info.plist</string>
				<key>PRODUCT_NAME</key>
				<string>$(TARGET_NAME)</string>
				<key>WRAPPER_EXTENSION</key>
				<string>app</string>
			</dict>
			<key>isa</key>
			<string>XCBuildConfiguration</string>
			<key>name</key>
			<string>Release</string>
		</dict>
		<key>66E7938D16E80512009A9152</key>
		<dict>
			<key>buildConfigurations</key>
			<array>
				<string>66E7938E16E80512009A9152</string>
				<string>66E7938F16E80512009A9152</string>
			</array>
			<key>defaultConfigurationIsVisible</key>
			<string>0</string>
			<key>isa</key>
			<string>XCConfigurationList</string>
		</dict>
		<key>66E7938E16E80512009A9152</key>
		<dict>
			<key>buildSettings</key>
			<dict>
				<key>BUNDLE_LOADER</key>
				<string>$(BUILT_PRODUCTS_DIR)/places.app/places</string>
				<key>FRAMEWORK_SEARCH_PATHS</key>
				<array>
					<string>"$(SDKROOT)/Developer/Library/Frameworks"</string>
					<string>"$(DEVELOPER_LIBRARY_DIR)/Frameworks"</string>
				</array>
				<key>GCC_PRECOMPILE_PREFIX_HEADER</key>
				<string>YES</string>
				<key>GCC_PREFIX_HEADER</key>
				<string>places/places-Prefix.pch</string>
				<key>INFOPLIST_FILE</key>
				<string>placesTests/placesTests-Info.plist</string>
				<key>PRODUCT_NAME</key>
				<string>$(TARGET_NAME)</string>
				<key>TEST_HOST</key>
				<string>$(BUNDLE_LOADER)</string>
				<key>WRAPPER_EXTENSION</key>
				<string>octest</string>
			</dict>
			<key>isa</key>
			<string>XCBuildConfiguration</string>
			<key>name</key>
			<string>Debug</string>
		</dict>
		<key>66E7938F16E80512009A9152</key>
		<dict>
			<key>buildSettings</key>
			<dict>
				<key>BUNDLE_LOADER</key>
				<string>$(BUILT_PRODUCTS_DIR)/places.app/places</string>
				<key>FRAMEWORK_SEARCH_PATHS</key>
				<array>
					<string>"$(SDKROOT)/Developer/Library/Frameworks"</string>
					<string>"$(DEVELOPER_LIBRARY_DIR)/Frameworks"</string>
				</array>
				<key>GCC_PRECOMPILE_PREFIX_HEADER</key>
				<string>YES</string>
				<key>GCC_PREFIX_HEADER</key>
				<string>places/places-Prefix.pch</string>
				<key>INFOPLIST_FILE</key>
				<string>placesTests/placesTests-Info.plist</string>
				<key>PRODUCT_NAME</key>
				<string>$(TARGET_NAME)</string>
				<key>TEST_HOST</key>
				<string>$(BUNDLE_LOADER)</string>
				<key>WRAPPER_EXTENSION</key>
				<string>octest</string>
			</dict>
			<key>isa</key>
			<string>XCBuildConfiguration</string>
			<key>name</key>
			<string>Release</string>
		</dict>
		<key>F32D4231F0DD42369DAE14DD</key>
		<dict>
			<key>explicitFileType</key>
			<string>archive.ar</string>
			<key>includeInIndex</key>
			<string>0</string>
			<key>isa</key>
			<string>PBXFileReference</string>
			<key>name</key>
			<string>libPods.a</string>
			<key>path</key>
			<string>libPods.a</string>
			<key>sourceTree</key>
			<string>BUILT_PRODUCTS_DIR</string>
		</dict>
	</dict>
	<key>rootObject</key>
	<string>66E7934A16E80512009A9152</string>
</dict>
</plist>
